
Microsoft Visual Studio Solution File, Format Version 12.00
# Visual Studio Version 17
VisualStudioVersion = 17.5.002.0
MinimumVisualStudioVersion = 10.0.40219.1
Project("{9A19103F-16F7-4668-BE54-9A1E7A4F7556}") = "Homework2Part2", "Homework2Part2.csproj", "{DA1B4BA5-6BF3-46CA-9BF9-983D757B8F43}"
EndProject
Global
	GlobalSection(SolutionConfigurationPlatforms) = preSolution
		Debug|Any CPU = Debug|Any CPU
		Release|Any CPU = Release|Any CPU
	EndGlobalSection
	GlobalSection(ProjectConfigurationPlatforms) = postSolution
		{DA1B4BA5-6BF3-46CA-9BF9-983D757B8F43}.Debug|Any CPU.ActiveCfg = Debug|Any CPU
		{DA1B4BA5-6BF3-46CA-9BF9-983D757B8F43}.Debug|Any CPU.Build.0 = Debug|Any CPU
		{DA1B4BA5-6BF3-46CA-9BF9-983D757B8F43}.Release|Any CPU.ActiveCfg = Release|Any CPU
		{DA1B4BA5-6BF3-46CA-9BF9-983D757B8F43}.Release|Any CPU.Build.0 = Release|Any CPU
	EndGlobalSection
	GlobalSection(SolutionProperties) = preSolution
		HideSolutionNode = FALSE
	EndGlobalSection
	GlobalSection(ExtensibilityGlobals) = postSolution
		SolutionGuid = {93F41AEB-4591-4490-AFB7-1E554BDE6F4C}
	EndGlobalSection
EndGlobal
