
Microsoft Visual Studio Solution File, Format Version 12.00
# Visual Studio Version 17
VisualStudioVersion = 17.5.002.0
MinimumVisualStudioVersion = 10.0.40219.1
Project("{9A19103F-16F7-4668-BE54-9A1E7A4F7556}") = "Homework5.1", "Homework5.1.csproj", "{1C1FD156-8EB5-483D-940C-178A58BBFFD1}"
EndProject
Global
	GlobalSection(SolutionConfigurationPlatforms) = preSolution
		Debug|Any CPU = Debug|Any CPU
		Release|Any CPU = Release|Any CPU
	EndGlobalSection
	GlobalSection(ProjectConfigurationPlatforms) = postSolution
		{1C1FD156-8EB5-483D-940C-178A58BBFFD1}.Debug|Any CPU.ActiveCfg = Debug|Any CPU
		{1C1FD156-8EB5-483D-940C-178A58BBFFD1}.Debug|Any CPU.Build.0 = Debug|Any CPU
		{1C1FD156-8EB5-483D-940C-178A58BBFFD1}.Release|Any CPU.ActiveCfg = Release|Any CPU
		{1C1FD156-8EB5-483D-940C-178A58BBFFD1}.Release|Any CPU.Build.0 = Release|Any CPU
	EndGlobalSection
	GlobalSection(SolutionProperties) = preSolution
		HideSolutionNode = FALSE
	EndGlobalSection
	GlobalSection(ExtensibilityGlobals) = postSolution
		SolutionGuid = {578DC411-A8AA-4BC8-B439-0D2450CA26F5}
	EndGlobalSection
EndGlobal
